
Microsoft Visual Studio Solution File, Format Version 12.00
# Visual Studio 2013
VisualStudioVersion = 12.0.30723.0
MinimumVisualStudioVersion = 10.0.40219.1
Project("{FAE04EC0-301F-11D3-BF4B-00C04F79EFBC}") = "PasswordGeneratorWeb", "PasswordGeneratorWeb\PasswordGeneratorWeb.csproj", "{AB91F741-60D7-4B00-8FC0-1CDB2E9323BA}"
EndProject
Project("{FAE04EC0-301F-11D3-BF4B-00C04F79EFBC}") = "PasswordGenerator", "PasswordGenerator\PasswordGenerator.csproj", "{E4C9F662-BE77-4D92-9B4B-5D5CC9C5DB49}"
EndProject
Project("{FAE04EC0-301F-11D3-BF4B-00C04F79EFBC}") = "PasswordGeneratorTests", "PasswordGeneratorTests\PasswordGeneratorTests.csproj", "{8B703ADF-5050-4021-B13A-7813C551BB6B}"
EndProject
Global
	GlobalSection(SolutionConfigurationPlatforms) = preSolution
		Debug|Any CPU = Debug|Any CPU
		Release|Any CPU = Release|Any CPU
	EndGlobalSection
	GlobalSection(ProjectConfigurationPlatforms) = postSolution
		{AB91F741-60D7-4B00-8FC0-1CDB2E9323BA}.Debug|Any CPU.ActiveCfg = Debug|Any CPU
		{AB91F741-60D7-4B00-8FC0-1CDB2E9323BA}.Debug|Any CPU.Build.0 = Debug|Any CPU
		{AB91F741-60D7-4B00-8FC0-1CDB2E9323BA}.Release|Any CPU.ActiveCfg = Release|Any CPU
		{AB91F741-60D7-4B00-8FC0-1CDB2E9323BA}.Release|Any CPU.Build.0 = Release|Any CPU
		{E4C9F662-BE77-4D92-9B4B-5D5CC9C5DB49}.Debug|Any CPU.ActiveCfg = Debug|Any CPU
		{E4C9F662-BE77-4D92-9B4B-5D5CC9C5DB49}.Debug|Any CPU.Build.0 = Debug|Any CPU
		{E4C9F662-BE77-4D92-9B4B-5D5CC9C5DB49}.Release|Any CPU.ActiveCfg = Release|Any CPU
		{E4C9F662-BE77-4D92-9B4B-5D5CC9C5DB49}.Release|Any CPU.Build.0 = Release|Any CPU
		{8B703ADF-5050-4021-B13A-7813C551BB6B}.Debug|Any CPU.ActiveCfg = Debug|Any CPU
		{8B703ADF-5050-4021-B13A-7813C551BB6B}.Debug|Any CPU.Build.0 = Debug|Any CPU
		{8B703ADF-5050-4021-B13A-7813C551BB6B}.Release|Any CPU.ActiveCfg = Release|Any CPU
		{8B703ADF-5050-4021-B13A-7813C551BB6B}.Release|Any CPU.Build.0 = Release|Any CPU
	EndGlobalSection
	GlobalSection(SolutionProperties) = preSolution
		HideSolutionNode = FALSE
	EndGlobalSection
EndGlobal
